
Microsoft Visual Studio Solution File, Format Version 12.00
# Visual Studio Version 17
VisualStudioVersion = 17.6.33723.286
MinimumVisualStudioVersion = 10.0.40219.1
Project("{FAE04EC0-301F-11D3-BF4B-00C04F79EFBC}") = "Superior Cloud Accounting", "Superior Cloud Accounting.csproj", "{FB90751D-0652-46CF-9EA6-2A75A6B1AC6A}"
EndProject
Global
	GlobalSection(SolutionConfigurationPlatforms) = preSolution
		Debug|Any CPU = Debug|Any CPU
		Release|Any CPU = Release|Any CPU
	EndGlobalSection
	GlobalSection(ProjectConfigurationPlatforms) = postSolution
		{FB90751D-0652-46CF-9EA6-2A75A6B1AC6A}.Debug|Any CPU.ActiveCfg = Debug|Any CPU
		{FB90751D-0652-46CF-9EA6-2A75A6B1AC6A}.Debug|Any CPU.Build.0 = Debug|Any CPU
		{FB90751D-0652-46CF-9EA6-2A75A6B1AC6A}.Release|Any CPU.ActiveCfg = Release|Any CPU
		{FB90751D-0652-46CF-9EA6-2A75A6B1AC6A}.Release|Any CPU.Build.0 = Release|Any CPU
	EndGlobalSection
	GlobalSection(SolutionProperties) = preSolution
		HideSolutionNode = FALSE
	EndGlobalSection
	GlobalSection(ExtensibilityGlobals) = postSolution
		SolutionGuid = {C104AB38-4608-42AA-8857-2054110F3089}
	EndGlobalSection
EndGlobal
